
Microsoft Visual Studio Solution File, Format Version 12.00
# Visual Studio Version 17
VisualStudioVersion = 17.11.35312.102
MinimumVisualStudioVersion = 10.0.40219.1
Project("{FAE04EC0-301F-11D3-BF4B-00C04F79EFBC}") = "WEBAPI_Empty", "WEBAPI_Empty\WEBAPI_Empty.csproj", "{3E14D49F-3F1D-4E9E-89D5-8601D6568C36}"
EndProject
Global
	GlobalSection(SolutionConfigurationPlatforms) = preSolution
		Debug|Any CPU = Debug|Any CPU
		Release|Any CPU = Release|Any CPU
	EndGlobalSection
	GlobalSection(ProjectConfigurationPlatforms) = postSolution
		{3E14D49F-3F1D-4E9E-89D5-8601D6568C36}.Debug|Any CPU.ActiveCfg = Debug|Any CPU
		{3E14D49F-3F1D-4E9E-89D5-8601D6568C36}.Debug|Any CPU.Build.0 = Debug|Any CPU
		{3E14D49F-3F1D-4E9E-89D5-8601D6568C36}.Release|Any CPU.ActiveCfg = Release|Any CPU
		{3E14D49F-3F1D-4E9E-89D5-8601D6568C36}.Release|Any CPU.Build.0 = Release|Any CPU
	EndGlobalSection
	GlobalSection(SolutionProperties) = preSolution
		HideSolutionNode = FALSE
	EndGlobalSection
	GlobalSection(ExtensibilityGlobals) = postSolution
		SolutionGuid = {5DED75F8-33AB-4C90-B16A-B1C0A86AA69F}
	EndGlobalSection
EndGlobal
